
Microsoft Visual Studio Solution File, Format Version 12.00
# Visual Studio Version 16
VisualStudioVersion = 16.0.30204.135
MinimumVisualStudioVersion = 10.0.40219.1
Project("{9A19103F-16F7-4668-BE54-9A1E7A4F7556}") = "BeConnectedApiGateway", "BeConnectedApiGateway\BeConnectedApiGateway.csproj", "{40418FF1-485C-4E4A-B5F9-A0C3B4BF6AD4}"
EndProject
Project("{9A19103F-16F7-4668-BE54-9A1E7A4F7556}") = "DataAccess", "DataAccess\DataAccess.csproj", "{BBB07767-4BFC-424B-8340-05257A19755E}"
EndProject
Project("{FAE04EC0-301F-11D3-BF4B-00C04F79EFBC}") = "Business", "Business\Business.csproj", "{D0659C8C-A88A-4362-8208-E387951F631A}"
EndProject
Global
	GlobalSection(SolutionConfigurationPlatforms) = preSolution
		Debug|Any CPU = Debug|Any CPU
		Release|Any CPU = Release|Any CPU
	EndGlobalSection
	GlobalSection(ProjectConfigurationPlatforms) = postSolution
		{40418FF1-485C-4E4A-B5F9-A0C3B4BF6AD4}.Debug|Any CPU.ActiveCfg = Debug|Any CPU
		{40418FF1-485C-4E4A-B5F9-A0C3B4BF6AD4}.Debug|Any CPU.Build.0 = Debug|Any CPU
		{40418FF1-485C-4E4A-B5F9-A0C3B4BF6AD4}.Release|Any CPU.ActiveCfg = Release|Any CPU
		{40418FF1-485C-4E4A-B5F9-A0C3B4BF6AD4}.Release|Any CPU.Build.0 = Release|Any CPU
		{BBB07767-4BFC-424B-8340-05257A19755E}.Debug|Any CPU.ActiveCfg = Debug|Any CPU
		{BBB07767-4BFC-424B-8340-05257A19755E}.Debug|Any CPU.Build.0 = Debug|Any CPU
		{BBB07767-4BFC-424B-8340-05257A19755E}.Release|Any CPU.ActiveCfg = Release|Any CPU
		{BBB07767-4BFC-424B-8340-05257A19755E}.Release|Any CPU.Build.0 = Release|Any CPU
		{D0659C8C-A88A-4362-8208-E387951F631A}.Debug|Any CPU.ActiveCfg = Debug|Any CPU
		{D0659C8C-A88A-4362-8208-E387951F631A}.Debug|Any CPU.Build.0 = Debug|Any CPU
		{D0659C8C-A88A-4362-8208-E387951F631A}.Release|Any CPU.ActiveCfg = Release|Any CPU
		{D0659C8C-A88A-4362-8208-E387951F631A}.Release|Any CPU.Build.0 = Release|Any CPU
	EndGlobalSection
	GlobalSection(SolutionProperties) = preSolution
		HideSolutionNode = FALSE
	EndGlobalSection
	GlobalSection(ExtensibilityGlobals) = postSolution
		SolutionGuid = {6BDCADD5-CD3E-4765-9AA2-2AE058235F1B}
	EndGlobalSection
EndGlobal
